
Microsoft Visual Studio Solution File, Format Version 12.00
# Visual Studio 15
Project("{FAE04EC0-301F-11D3-BF4B-00C04F79EFBC}") = "Assembly-CSharp", "Assembly-CSharp.csproj", "{CAC12341-073B-E3BC-FED0-4A2043DF42B0}"
EndProject
Project("{FAE04EC0-301F-11D3-BF4B-00C04F79EFBC}") = "Assembly-CSharp-Editor", "Assembly-CSharp-Editor.csproj", "{EF6E7A09-0D65-F656-DCDF-35290549EC45}"
EndProject
Global
	GlobalSection(SolutionConfigurationPlatforms) = preSolution
		Debug|Any CPU = Debug|Any CPU
		Release|Any CPU = Release|Any CPU
	EndGlobalSection
	GlobalSection(ProjectConfigurationPlatforms) = postSolution
		{CAC12341-073B-E3BC-FED0-4A2043DF42B0}.Debug|Any CPU.ActiveCfg = Debug|Any CPU
		{CAC12341-073B-E3BC-FED0-4A2043DF42B0}.Debug|Any CPU.Build.0 = Debug|Any CPU
		{CAC12341-073B-E3BC-FED0-4A2043DF42B0}.Release|Any CPU.ActiveCfg = Release|Any CPU
		{CAC12341-073B-E3BC-FED0-4A2043DF42B0}.Release|Any CPU.Build.0 = Release|Any CPU
		{EF6E7A09-0D65-F656-DCDF-35290549EC45}.Debug|Any CPU.ActiveCfg = Debug|Any CPU
		{EF6E7A09-0D65-F656-DCDF-35290549EC45}.Debug|Any CPU.Build.0 = Debug|Any CPU
		{EF6E7A09-0D65-F656-DCDF-35290549EC45}.Release|Any CPU.ActiveCfg = Release|Any CPU
		{EF6E7A09-0D65-F656-DCDF-35290549EC45}.Release|Any CPU.Build.0 = Release|Any CPU
	EndGlobalSection
	GlobalSection(SolutionProperties) = preSolution
		HideSolutionNode = FALSE
	EndGlobalSection
EndGlobal
